{
  "name": "atom-discord",
  "version": "1.5.1",
  "lockfileVersion": 1,
  "requires": true,
  "dependencies": {
    "async-limiter": {
      "version": "1.0.0",
      "resolved": "https://registry.npmjs.org/async-limiter/-/async-limiter-1.0.0.tgz",
      "integrity": "sha512-jp/uFnooOiO+L211eZOoSyzpOITMXx1rBITauYykG3BRYPu8h0UcxsPNB04RR5vo4Tyz3+ay17tR6JVf9qzYWg=="
    },
    "bluebird": {
      "version": "3.5.1",
      "resolved": "https://registry.npmjs.org/bluebird/-/bluebird-3.5.1.tgz",
      "integrity": "sha512-MKiLiV+I1AA596t9w1sQJ8jkiSr5+ZKi0WKrYGUn6d1Fx+Ij4tIj+m2WMQSGczs5jZVxV339chE8iwk6F64wjA=="
    },
    "discord-rpc": {
      "version": "3.0.0-beta.10",
      "resolved": "https://registry.npmjs.org/discord-rpc/-/discord-rpc-3.0.0-beta.10.tgz",
      "integrity": "sha512-b0G6O0WJkxoLQSopyNRqByXCrpBL68HXPMULVZXLjRgj+sStwOmbABM+HwBDJWF6s/uhkB/+cAgq+19x4w0SPA==",
      "requires": {
        "discord.js": "github:discordjs/discord.js#8551b8936ce84a5b8c487d3ec9d55f38a5cd4c50",
        "snekfetch": "3.5.8"
      },
      "dependencies": {
        "discord.js": {
          "version": "github:discordjs/discord.js#8551b8936ce84a5b8c487d3ec9d55f38a5cd4c50",
          "requires": {
            "pako": "1.0.6",
            "prism-media": "0.2.1",
            "snekfetch": "3.6.4",
            "tweetnacl": "1.0.0",
            "ws": "4.1.0"
          },
          "dependencies": {
            "snekfetch": {
              "version": "3.6.4",
              "resolved": "https://registry.npmjs.org/snekfetch/-/snekfetch-3.6.4.tgz",
              "integrity": "sha512-NjxjITIj04Ffqid5lqr7XdgwM7X61c/Dns073Ly170bPQHLm6jkmelye/eglS++1nfTWktpP6Y2bFXjdPlQqdw=="
            }
          }
        },
        "prism-media": {
          "version": "0.2.1",
          "resolved": "https://registry.npmjs.org/prism-media/-/prism-media-0.2.1.tgz",
          "integrity": "sha512-Kfp1+6gzjY6X8mqKHa6D3brX+BtMUPFwzAkz4zgtVPgbkA2XxhITROdfQXVurU4fuJsylFRwqo7ciQlQCm9hAw=="
        },
        "ws": {
          "version": "4.1.0",
          "resolved": "https://registry.npmjs.org/ws/-/ws-4.1.0.tgz",
          "integrity": "sha512-ZGh/8kF9rrRNffkLFV4AzhvooEclrOH0xaugmqGsIfFgOE/pIz4fMc4Ef+5HSQqTEug2S9JZIWDR47duDSLfaA==",
          "requires": {
            "async-limiter": "1.0.0",
            "safe-buffer": "5.1.1"
          }
        }
      }
    },
    "pako": {
      "version": "1.0.6",
      "resolved": "https://registry.npmjs.org/pako/-/pako-1.0.6.tgz",
      "integrity": "sha512-lQe48YPsMJAig+yngZ87Lus+NF+3mtu7DVOBu6b/gHO1YpKwIj5AWjZ/TOS7i46HD/UixzWb1zeWDZfGZ3iYcg=="
    },
    "safe-buffer": {
      "version": "5.1.1",
      "resolved": "https://registry.npmjs.org/safe-buffer/-/safe-buffer-5.1.1.tgz",
      "integrity": "sha512-kKvNJn6Mm93gAczWVJg7wH+wGYWNrDHdWvpUmHyEsgCtIwwo3bqPtV4tR5tuPaUhTOo/kvhVwd8XwwOllGYkbg=="
    },
    "snekfetch": {
      "version": "3.5.8",
      "resolved": "https://registry.npmjs.org/snekfetch/-/snekfetch-3.5.8.tgz",
      "integrity": "sha512-osq7soqKBObV4u/WE9tGQT/m5JdqTU1PWVPcT0We3sKZ99h9QA7wSj7ZWrwEwgRbELeO5BrVCanYjDYtVYcwrQ=="
    },
    "tweetnacl": {
      "version": "1.0.0",
      "resolved": "https://registry.npmjs.org/tweetnacl/-/tweetnacl-1.0.0.tgz",
      "integrity": "sha1-cT2LgY2kIGh0C/aDhtBHnmb8ins="
    }
  }
}
